{
  "name": "fetch-demo",
  "version": "1.0.0",
  "lockfileVersion": 1,
  "requires": true,
  "dependencies": {
    "follow-redirects": {
      "version": "1.15.1",
      "resolved": "https://registry.npmmirror.com/follow-redirects/-/follow-redirects-1.15.1.tgz"
    },
    "fs": {
      "version": "0.0.1-security",
      "resolved": "https://registry.npmmirror.com/fs/-/fs-0.0.1-security.tgz"
    },
    "node-fetch": {
      "version": "1.7.3",
      "resolved": "https://registry.npmmirror.com/node-fetch/-/node-fetch-1.7.3.tgz",
      "requires": {
        "encoding": "^0.1.11",
        "is-stream": "^1.0.1"
      },
      "dependencies": {
        "encoding": {
          "version": "0.1.13",
          "resolved": "https://registry.npmmirror.com/encoding/-/encoding-0.1.13.tgz",
          "requires": {
            "iconv-lite": "^0.6.2"
          },
          "dependencies": {
            "iconv-lite": {
              "version": "0.6.3",
              "resolved": "https://registry.npmmirror.com/iconv-lite/-/iconv-lite-0.6.3.tgz",
              "requires": {
                "safer-buffer": ">= 2.1.2 < 3.0.0"
              },
              "dependencies": {
                "safer-buffer": {
                  "version": "2.1.2",
                  "resolved": "https://registry.npmmirror.com/safer-buffer/-/safer-buffer-2.1.2.tgz"
                }
              }
            }
          }
        },
        "is-stream": {
          "version": "1.1.0",
          "resolved": "https://registry.npmmirror.com/is-stream/-/is-stream-1.1.0.tgz"
        }
      }
    }
  }
}
